
Microsoft Visual Studio Solution File, Format Version 12.00
Project("{FAE04EC0-301F-11D3-BF4B-00C04F79EFBC}") = "FluentQuery", "FluentQuery\FluentQuery.csproj", "{1F95A3F3-852E-4CF7-AC5B-0BB1B1D3FA6B}"
EndProject
Global
	GlobalSection(SolutionConfigurationPlatforms) = preSolution
		Debug|Any CPU = Debug|Any CPU
		Release|Any CPU = Release|Any CPU
	EndGlobalSection
	GlobalSection(ProjectConfigurationPlatforms) = postSolution
		{1F95A3F3-852E-4CF7-AC5B-0BB1B1D3FA6B}.Debug|Any CPU.ActiveCfg = Debug|Any CPU
		{1F95A3F3-852E-4CF7-AC5B-0BB1B1D3FA6B}.Debug|Any CPU.Build.0 = Debug|Any CPU
		{1F95A3F3-852E-4CF7-AC5B-0BB1B1D3FA6B}.Release|Any CPU.ActiveCfg = Release|Any CPU
		{1F95A3F3-852E-4CF7-AC5B-0BB1B1D3FA6B}.Release|Any CPU.Build.0 = Release|Any CPU
	EndGlobalSection
EndGlobal
